
Microsoft Visual Studio Solution File, Format Version 12.00
# Visual Studio 15
VisualStudioVersion = 15.0.28010.2046
MinimumVisualStudioVersion = 10.0.40219.1
Project("{FAE04EC0-301F-11D3-BF4B-00C04F79EFBC}") = "SocialMix.Web", "SocialMix.Web\SocialMix.Web.csproj", "{368551BC-6C69-4379-A526-CD0B0DA1F813}"
EndProject
Project("{FAE04EC0-301F-11D3-BF4B-00C04F79EFBC}") = "SocialMix.Api", "SocialMix.Api\SocialMix.Api.csproj", "{D7DFB06E-9DB1-43B9-9ACE-4B73A6AC4DB9}"
EndProject
Global
	GlobalSection(SolutionConfigurationPlatforms) = preSolution
		Debug|Any CPU = Debug|Any CPU
		Release|Any CPU = Release|Any CPU
	EndGlobalSection
	GlobalSection(ProjectConfigurationPlatforms) = postSolution
		{368551BC-6C69-4379-A526-CD0B0DA1F813}.Debug|Any CPU.ActiveCfg = Debug|Any CPU
		{368551BC-6C69-4379-A526-CD0B0DA1F813}.Debug|Any CPU.Build.0 = Debug|Any CPU
		{368551BC-6C69-4379-A526-CD0B0DA1F813}.Release|Any CPU.ActiveCfg = Release|Any CPU
		{368551BC-6C69-4379-A526-CD0B0DA1F813}.Release|Any CPU.Build.0 = Release|Any CPU
		{D7DFB06E-9DB1-43B9-9ACE-4B73A6AC4DB9}.Debug|Any CPU.ActiveCfg = Debug|Any CPU
		{D7DFB06E-9DB1-43B9-9ACE-4B73A6AC4DB9}.Debug|Any CPU.Build.0 = Debug|Any CPU
		{D7DFB06E-9DB1-43B9-9ACE-4B73A6AC4DB9}.Release|Any CPU.ActiveCfg = Release|Any CPU
		{D7DFB06E-9DB1-43B9-9ACE-4B73A6AC4DB9}.Release|Any CPU.Build.0 = Release|Any CPU
	EndGlobalSection
	GlobalSection(SolutionProperties) = preSolution
		HideSolutionNode = FALSE
	EndGlobalSection
	GlobalSection(ExtensibilityGlobals) = postSolution
		SolutionGuid = {4EE56404-D49E-4710-9617-AA54D50E4F2C}
	EndGlobalSection
EndGlobal
